PODS:
  - CocoaAsyncSocket (7.3.5)
  - PKJSONSocket (0.0.3):
    - CocoaAsyncSocket (~> 7.3.2)
  - ReactiveCocoa (2.4.7):
    - ReactiveCocoa/UI (= 2.4.7)
  - ReactiveCocoa/Core (2.4.7):
    - ReactiveCocoa/no-arc
  - ReactiveCocoa/no-arc (2.4.7)
  - ReactiveCocoa/UI (2.4.7):
    - ReactiveCocoa/Core

DEPENDENCIES:
  - PKJSONSocket (~> 0.0.3)
  - ReactiveCocoa (~> 2.3)

SPEC CHECKSUMS:
  CocoaAsyncSocket: 94c582a5bef4bb0f51b6ebf3e1b561d9091a68ba
  PKJSONSocket: 772f9a3e269ad28863df20b7ee96ac8907c716d3
  ReactiveCocoa: eb38dee0a0e698f73a9b25e5c1faea2bb4c79240

COCOAPODS: 0.36.4
