// !$*UTF8*$!
{
	archiveVersion = 1;
	classes = {
	};
	objectVersion = 46;
	objects = {

/* Begin PBXBuildFile section */
		271B8DDB19FF9B8F005C166C /* Model.swift in Sources */ = {isa = PBXBuildFile; fileRef = 271B8DD919FF9B8F005C166C /* Model.swift */; };
		271B8DDC19FF9B8F005C166C /* Pattern.swift in Sources */ = {isa = PBXBuildFile; fileRef = 271B8DDA19FF9B8F005C166C /* Pattern.swift */; };
		271B8DDE1A005BED005C166C /* Effect.swift in Sources */ = {isa = PBXBuildFile; fileRef = 271B8DDD1A005BED005C166C /* Effect.swift */; };
		2721BA261A01A6D800B905B7 /* ServerController.swift in Sources */ = {isa = PBXBuildFile; fileRef = 2721BA251A01A6D800B905B7 /* ServerController.swift */; };
		2721BA2B1A01A6DC00B905B7 /* PatternCollectionViewCell.swift in Sources */ = {isa = PBXBuildFile; fileRef = 2721BA281A01A6DC00B905B7 /* PatternCollectionViewCell.swift */; };
		2721BA2C1A01A6DC00B905B7 /* PatternsCollectionViewController.swift in Sources */ = {isa = PBXBuildFile; fileRef = 2721BA291A01A6DC00B905B7 /* PatternsCollectionViewController.swift */; };
		2721BA2D1A01A6DC00B905B7 /* ViewController.swift in Sources */ = {isa = PBXBuildFile; fileRef = 2721BA2A1A01A6DC00B905B7 /* ViewController.swift */; };
		273018EA1A0ACA330048FA42 /* EffectsTableViewController.swift in Sources */ = {isa = PBXBuildFile; fileRef = 273018E91A0ACA330048FA42 /* EffectsTableViewController.swift */; };
		273018EC1A0ACA3F0048FA42 /* EffectTableViewCell.swift in Sources */ = {isa = PBXBuildFile; fileRef = 273018EB1A0ACA3E0048FA42 /* EffectTableViewCell.swift */; };
		278800021A09AF0800B3BEB9 /* ChannelsCollectionViewController.swift in Sources */ = {isa = PBXBuildFile; fileRef = 278800011A09AF0800B3BEB9 /* ChannelsCollectionViewController.swift */; };
		278800041A09AF1400B3BEB9 /* ChannelCollectionViewCell.swift in Sources */ = {isa = PBXBuildFile; fileRef = 278800031A09AF1400B3BEB9 /* ChannelCollectionViewCell.swift */; };
		278800081A09B30100B3BEB9 /* Channel.swift in Sources */ = {isa = PBXBuildFile; fileRef = 278800071A09B30100B3BEB9 /* Channel.swift */; };
		279872031AE0753900EF32D1 /* Podfile.lock in Resources */ = {isa = PBXBuildFile; fileRef = 279872021AE0753900EF32D1 /* Podfile.lock */; };
		27A3962619FC8D4B0030B940 /* AppDelegate.swift in Sources */ = {isa = PBXBuildFile; fileRef = 27A3962519FC8D4B0030B940 /* AppDelegate.swift */; };
		27A3962B19FC8D4B0030B940 /* Main.storyboard in Resources */ = {isa = PBXBuildFile; fileRef = 27A3962919FC8D4B0030B940 /* Main.storyboard */; };
		27A3962D19FC8D4B0030B940 /* Images.xcassets in Resources */ = {isa = PBXBuildFile; fileRef = 27A3962C19FC8D4B0030B940 /* Images.xcassets */; };
		27A3963019FC8D4B0030B940 /* LaunchScreen.xib in Resources */ = {isa = PBXBuildFile; fileRef = 27A3962E19FC8D4B0030B940 /* LaunchScreen.xib */; };
		27A3964619FC96BE0030B940 /* Podfile in Resources */ = {isa = PBXBuildFile; fileRef = 27A3964519FC96BE0030B940 /* Podfile */; };
		27B556941A05D2FB00CEE159 /* MixerViewController.swift in Sources */ = {isa = PBXBuildFile; fileRef = 27B556931A05D2FB00CEE159 /* MixerViewController.swift */; };
		27BB0A4B1A03A7C100D37664 /* DisplayState.swift in Sources */ = {isa = PBXBuildFile; fileRef = 27BB0A4A1A03A7C100D37664 /* DisplayState.swift */; };
		27BB0A4F1A03CBB300D37664 /* EffectCollectionViewCell.swift in Sources */ = {isa = PBXBuildFile; fileRef = 27BB0A4E1A03CBB300D37664 /* EffectCollectionViewCell.swift */; };
		518EF9B322D85BB4001C4452 /* AppIcon.appiconset in Resources */ = {isa = PBXBuildFile; fileRef = 518EF9B222D85BB4001C4452 /* AppIcon.appiconset */; };
		518EF9B522D85CDF001C4452 /* Images-2.xcassets in Resources */ = {isa = PBXBuildFile; fileRef = 518EF9B422D85CDF001C4452 /* Images-2.xcassets */; };
		9E3396553FE7C3F2552A41BB /* Pods_Minitrees.framework in Frameworks */ = {isa = PBXBuildFile; fileRef = 976BD787B81FECA798D130E8 /* Pods_Minitrees.framework */; };
		A97F07B322951F6E00EB9ED7 /* image2.jpg in Resources */ = {isa = PBXBuildFile; fileRef = A97F07AF22951F6D00EB9ED7 /* image2.jpg */; };
		A97F07B422951F6E00EB9ED7 /* image1.jpg in Resources */ = {isa = PBXBuildFile; fileRef = A97F07B022951F6D00EB9ED7 /* image1.jpg */; };
		A97F07B522951F6E00EB9ED7 /* image5.jpg in Resources */ = {isa = PBXBuildFile; fileRef = A97F07B122951F6D00EB9ED7 /* image5.jpg */; };
		A97F07B622951F6E00EB9ED7 /* image4.jpg in Resources */ = {isa = PBXBuildFile; fileRef = A97F07B222951F6D00EB9ED7 /* image4.jpg */; };
		A97F07B82295204800EB9ED7 /* image6.png in Resources */ = {isa = PBXBuildFile; fileRef = A97F07B72295204800EB9ED7 /* image6.png */; };
		A97F07BD22952BBF00EB9ED7 /* CollectionViewCell.swift in Sources */ = {isa = PBXBuildFile; fileRef = A97F07BC22952BBF00EB9ED7 /* CollectionViewCell.swift */; };
		A97F07BF22953FC100EB9ED7 /* image7.png in Resources */ = {isa = PBXBuildFile; fileRef = A97F07BE22953FC000EB9ED7 /* image7.png */; };
		FF924DDC2276C82300F54879 /* TimerApplication.swift in Sources */ = {isa = PBXBuildFile; fileRef = FF924DDB2276C82300F54879 /* TimerApplication.swift */; };
		FF924DDE2276D6FD00F54879 /* main.swift in Sources */ = {isa = PBXBuildFile; fileRef = FF924DDD2276D6FD00F54879 /* main.swift */; };
/* End PBXBuildFile section */

/* Begin PBXFileReference section */
		2045C8322330A7466BE30499 /* Pods-Minitrees.release.xcconfig */ = {isa = PBXFileReference; includeInIndex = 1; lastKnownFileType = text.xcconfig; name = "Pods-Minitrees.release.xcconfig"; path = "Pods/Target Support Files/Pods-Minitrees/Pods-Minitrees.release.xcconfig"; sourceTree = "<group>"; };
		271B8DD919FF9B8F005C166C /* Model.swift */ = {isa = PBXFileReference; fileEncoding = 4; lastKnownFileType = sourcecode.swift; path = Model.swift; sourceTree = "<group>"; };
		271B8DDA19FF9B8F005C166C /* Pattern.swift */ = {isa = PBXFileReference; fileEncoding = 4; lastKnownFileType = sourcecode.swift; path = Pattern.swift; sourceTree = "<group>"; };
		271B8DDD1A005BED005C166C /* Effect.swift */ = {isa = PBXFileReference; fileEncoding = 4; lastKnownFileType = sourcecode.swift; path = Effect.swift; sourceTree = "<group>"; };
		2721BA251A01A6D800B905B7 /* ServerController.swift */ = {isa = PBXFileReference; fileEncoding = 4; lastKnownFileType = sourcecode.swift; path = ServerController.swift; sourceTree = "<group>"; };
		2721BA281A01A6DC00B905B7 /* PatternCollectionViewCell.swift */ = {isa = PBXFileReference; fileEncoding = 4; lastKnownFileType = sourcecode.swift; path = PatternCollectionViewCell.swift; sourceTree = "<group>"; };
		2721BA291A01A6DC00B905B7 /* PatternsCollectionViewController.swift */ = {isa = PBXFileReference; fileEncoding = 4; lastKnownFileType = sourcecode.swift; path = PatternsCollectionViewController.swift; sourceTree = "<group>"; };
		2721BA2A1A01A6DC00B905B7 /* ViewController.swift */ = {isa = PBXFileReference; fileEncoding = 4; lastKnownFileType = sourcecode.swift; path = ViewController.swift; sourceTree = "<group>"; };
		273018E61A0AAC410048FA42 /* UniversLTStd-Bold.otf */ = {isa = PBXFileReference; lastKnownFileType = file; path = "UniversLTStd-Bold.otf"; sourceTree = "<group>"; };
		273018E71A0AAC410048FA42 /* UniversLTStd-Light.otf */ = {isa = PBXFileReference; lastKnownFileType = file; path = "UniversLTStd-Light.otf"; sourceTree = "<group>"; };
		273018E81A0AAC410048FA42 /* UniversLTStd.otf */ = {isa = PBXFileReference; lastKnownFileType = file; path = UniversLTStd.otf; sourceTree = "<group>"; };
		273018E91A0ACA330048FA42 /* EffectsTableViewController.swift */ = {isa = PBXFileReference; fileEncoding = 4; lastKnownFileType = sourcecode.swift; path = EffectsTableViewController.swift; sourceTree = "<group>"; };
		273018EB1A0ACA3E0048FA42 /* EffectTableViewCell.swift */ = {isa = PBXFileReference; fileEncoding = 4; lastKnownFileType = sourcecode.swift; path = EffectTableViewCell.swift; sourceTree = "<group>"; };
		278800011A09AF0800B3BEB9 /* ChannelsCollectionViewController.swift */ = {isa = PBXFileReference; fileEncoding = 4; lastKnownFileType = sourcecode.swift; path = ChannelsCollectionViewController.swift; sourceTree = "<group>"; };
		278800031A09AF1400B3BEB9 /* ChannelCollectionViewCell.swift */ = {isa = PBXFileReference; fileEncoding = 4; lastKnownFileType = sourcecode.swift; path = ChannelCollectionViewCell.swift; sourceTree = "<group>"; };
		278800071A09B30100B3BEB9 /* Channel.swift */ = {isa = PBXFileReference; fileEncoding = 4; lastKnownFileType = sourcecode.swift; path = Channel.swift; sourceTree = "<group>"; };
		279872021AE0753900EF32D1 /* Podfile.lock */ = {isa = PBXFileReference; fileEncoding = 4; lastKnownFileType = text; path = Podfile.lock; sourceTree = SOURCE_ROOT; };
		27A3962019FC8D4B0030B940 /* Minitrees.app */ = {isa = PBXFileReference; explicitFileType = wrapper.application; includeInIndex = 0; path = Minitrees.app; sourceTree = BUILT_PRODUCTS_DIR; };
		27A3962419FC8D4B0030B940 /* Info.plist */ = {isa = PBXFileReference; lastKnownFileType = text.plist.xml; path = Info.plist; sourceTree = "<group>"; };
		27A3962519FC8D4B0030B940 /* AppDelegate.swift */ = {isa = PBXFileReference; lastKnownFileType = sourcecode.swift; path = AppDelegate.swift; sourceTree = "<group>"; };
		27A3962A19FC8D4B0030B940 /* Base */ = {isa = PBXFileReference; lastKnownFileType = file.storyboard; name = Base; path = Base.lproj/Main.storyboard; sourceTree = "<group>"; };
		27A3962C19FC8D4B0030B940 /* Images.xcassets */ = {isa = PBXFileReference; lastKnownFileType = folder.assetcatalog; path = Images.xcassets; sourceTree = "<group>"; };
		27A3962F19FC8D4B0030B940 /* Base */ = {isa = PBXFileReference; lastKnownFileType = file.xib; name = Base; path = Base.lproj/LaunchScreen.xib; sourceTree = "<group>"; };
		27A3964519FC96BE0030B940 /* Podfile */ = {isa = PBXFileReference; explicitFileType = text.script.ruby; fileEncoding = 4; path = Podfile; sourceTree = SOURCE_ROOT; xcLanguageSpecificationIdentifier = xcode.lang.ruby; };
		27B556931A05D2FB00CEE159 /* MixerViewController.swift */ = {isa = PBXFileReference; fileEncoding = 4; lastKnownFileType = sourcecode.swift; path = MixerViewController.swift; sourceTree = "<group>"; };
		27BB0A4A1A03A7C100D37664 /* DisplayState.swift */ = {isa = PBXFileReference; fileEncoding = 4; lastKnownFileType = sourcecode.swift; path = DisplayState.swift; sourceTree = "<group>"; };
		27BB0A4E1A03CBB300D37664 /* EffectCollectionViewCell.swift */ = {isa = PBXFileReference; fileEncoding = 4; lastKnownFileType = sourcecode.swift; path = EffectCollectionViewCell.swift; sourceTree = "<group>"; };
		518EF9B222D85BB4001C4452 /* AppIcon.appiconset */ = {isa = PBXFileReference; lastKnownFileType = folder; name = AppIcon.appiconset; path = "../../../Downloads/Raw Icon/ios/AppIcon.appiconset"; sourceTree = "<group>"; };
		518EF9B422D85CDF001C4452 /* Images-2.xcassets */ = {isa = PBXFileReference; lastKnownFileType = folder.assetcatalog; path = "Images-2.xcassets"; sourceTree = "<group>"; };
		976BD787B81FECA798D130E8 /* Pods_Minitrees.framework */ = {isa = PBXFileReference; explicitFileType = wrapper.framework; includeInIndex = 0; path = Pods_Minitrees.framework; sourceTree = BUILT_PRODUCTS_DIR; };
		A97F07AF22951F6D00EB9ED7 /* image2.jpg */ = {isa = PBXFileReference; lastKnownFileType = image.jpeg; path = image2.jpg; sourceTree = "<group>"; };
		A97F07B022951F6D00EB9ED7 /* image1.jpg */ = {isa = PBXFileReference; lastKnownFileType = image.jpeg; path = image1.jpg; sourceTree = "<group>"; };
		A97F07B122951F6D00EB9ED7 /* image5.jpg */ = {isa = PBXFileReference; lastKnownFileType = image.jpeg; path = image5.jpg; sourceTree = "<group>"; };
		A97F07B222951F6D00EB9ED7 /* image4.jpg */ = {isa = PBXFileReference; lastKnownFileType = image.jpeg; path = image4.jpg; sourceTree = "<group>"; };
		A97F07B72295204800EB9ED7 /* image6.png */ = {isa = PBXFileReference; lastKnownFileType = image.png; path = image6.png; sourceTree = "<group>"; };
		A97F07BC22952BBF00EB9ED7 /* CollectionViewCell.swift */ = {isa = PBXFileReference; lastKnownFileType = sourcecode.swift; path = CollectionViewCell.swift; sourceTree = "<group>"; };
		A97F07BE22953FC000EB9ED7 /* image7.png */ = {isa = PBXFileReference; lastKnownFileType = image.png; path = image7.png; sourceTree = "<group>"; };
		BA3AA172CBABA9850C7CF367 /* Pods-Minitrees.debug.xcconfig */ = {isa = PBXFileReference; includeInIndex = 1; lastKnownFileType = text.xcconfig; name = "Pods-Minitrees.debug.xcconfig"; path = "Pods/Target Support Files/Pods-Minitrees/Pods-Minitrees.debug.xcconfig"; sourceTree = "<group>"; };
		FF924DDB2276C82300F54879 /* TimerApplication.swift */ = {isa = PBXFileReference; lastKnownFileType = sourcecode.swift; path = TimerApplication.swift; sourceTree = "<group>"; };
		FF924DDD2276D6FD00F54879 /* main.swift */ = {isa = PBXFileReference; lastKnownFileType = sourcecode.swift; path = main.swift; sourceTree = "<group>"; };
/* End PBXFileReference section */

/* Begin PBXFrameworksBuildPhase section */
		27A3961D19FC8D4B0030B940 /* Frameworks */ = {
			isa = PBXFrameworksBuildPhase;
			buildActionMask = 2147483647;
			files = (
				9E3396553FE7C3F2552A41BB /* Pods_Minitrees.framework in Frameworks */,
			);
			runOnlyForDeploymentPostprocessing = 0;
		};
/* End PBXFrameworksBuildPhase section */

/* Begin PBXGroup section */
		271B8DD819FF9B8F005C166C /* Models */ = {
			isa = PBXGroup;
			children = (
				271B8DD919FF9B8F005C166C /* Model.swift */,
				278800071A09B30100B3BEB9 /* Channel.swift */,
				271B8DDA19FF9B8F005C166C /* Pattern.swift */,
				271B8DDD1A005BED005C166C /* Effect.swift */,
			);
			path = Models;
			sourceTree = "<group>";
		};
		2721BA241A01A6D800B905B7 /* Controllers */ = {
			isa = PBXGroup;
			children = (
				2721BA251A01A6D800B905B7 /* ServerController.swift */,
			);
			path = Controllers;
			sourceTree = "<group>";
		};
		2721BA271A01A6DC00B905B7 /* ViewControllers */ = {
			isa = PBXGroup;
			children = (
				27BB0A4A1A03A7C100D37664 /* DisplayState.swift */,
				27B556931A05D2FB00CEE159 /* MixerViewController.swift */,
				2721BA291A01A6DC00B905B7 /* PatternsCollectionViewController.swift */,
				2721BA281A01A6DC00B905B7 /* PatternCollectionViewCell.swift */,
				278800011A09AF0800B3BEB9 /* ChannelsCollectionViewController.swift */,
				278800031A09AF1400B3BEB9 /* ChannelCollectionViewCell.swift */,
				27BB0A4E1A03CBB300D37664 /* EffectCollectionViewCell.swift */,
				273018E91A0ACA330048FA42 /* EffectsTableViewController.swift */,
				273018EB1A0ACA3E0048FA42 /* EffectTableViewCell.swift */,
				2721BA2A1A01A6DC00B905B7 /* ViewController.swift */,
			);
			path = ViewControllers;
			sourceTree = "<group>";
		};
		273018DC1A0AAB0E0048FA42 /* Fonts */ = {
			isa = PBXGroup;
			children = (
				273018E61A0AAC410048FA42 /* UniversLTStd-Bold.otf */,
				273018E71A0AAC410048FA42 /* UniversLTStd-Light.otf */,
				273018E81A0AAC410048FA42 /* UniversLTStd.otf */,
			);
			path = Fonts;
			sourceTree = "<group>";
		};
		27A3961719FC8D4B0030B940 = {
			isa = PBXGroup;
			children = (
				27A3962219FC8D4B0030B940 /* Minitrees */,
				27A3962119FC8D4B0030B940 /* Products */,
				87E458DFCE3A492F8CBB76BB /* Pods */,
				9142B856483D820EC2B6ECCA /* Frameworks */,
			);
			sourceTree = "<group>";
		};
		27A3962119FC8D4B0030B940 /* Products */ = {
			isa = PBXGroup;
			children = (
				27A3962019FC8D4B0030B940 /* Minitrees.app */,
			);
			name = Products;
			sourceTree = "<group>";
		};
		27A3962219FC8D4B0030B940 /* Minitrees */ = {
			isa = PBXGroup;
			children = (
				A97F07B922952B4400EB9ED7 /* CollectionView */,
				A97F07AE22951EE700EB9ED7 /* AutoPilotSilderImages */,
				271B8DD819FF9B8F005C166C /* Models */,
				2721BA241A01A6D800B905B7 /* Controllers */,
				2721BA271A01A6DC00B905B7 /* ViewControllers */,
				27A3962519FC8D4B0030B940 /* AppDelegate.swift */,
				FF924DDB2276C82300F54879 /* TimerApplication.swift */,
				FF924DDD2276D6FD00F54879 /* main.swift */,
				27A3962919FC8D4B0030B940 /* Main.storyboard */,
				518EF9B222D85BB4001C4452 /* AppIcon.appiconset */,
				27A3962C19FC8D4B0030B940 /* Images.xcassets */,
				27A3962E19FC8D4B0030B940 /* LaunchScreen.xib */,
				273018DC1A0AAB0E0048FA42 /* Fonts */,
				518EF9B422D85CDF001C4452 /* Images-2.xcassets */,
				27A3962319FC8D4B0030B940 /* Supporting Files */,
			);
			path = Minitrees;
			sourceTree = "<group>";
		};
		27A3962319FC8D4B0030B940 /* Supporting Files */ = {
			isa = PBXGroup;
			children = (
				27A3962419FC8D4B0030B940 /* Info.plist */,
				27A3964519FC96BE0030B940 /* Podfile */,
				279872021AE0753900EF32D1 /* Podfile.lock */,
			);
			name = "Supporting Files";
			sourceTree = "<group>";
		};
		87E458DFCE3A492F8CBB76BB /* Pods */ = {
			isa = PBXGroup;
			children = (
				BA3AA172CBABA9850C7CF367 /* Pods-Minitrees.debug.xcconfig */,
				2045C8322330A7466BE30499 /* Pods-Minitrees.release.xcconfig */,
			);
			name = Pods;
			sourceTree = "<group>";
		};
		9142B856483D820EC2B6ECCA /* Frameworks */ = {
			isa = PBXGroup;
			children = (
				976BD787B81FECA798D130E8 /* Pods_Minitrees.framework */,
			);
			name = Frameworks;
			sourceTree = "<group>";
		};
		A97F07AE22951EE700EB9ED7 /* AutoPilotSilderImages */ = {
			isa = PBXGroup;
			children = (
				A97F07BE22953FC000EB9ED7 /* image7.png */,
				A97F07B72295204800EB9ED7 /* image6.png */,
				A97F07B022951F6D00EB9ED7 /* image1.jpg */,
				A97F07AF22951F6D00EB9ED7 /* image2.jpg */,
				A97F07B222951F6D00EB9ED7 /* image4.jpg */,
				A97F07B122951F6D00EB9ED7 /* image5.jpg */,
			);
			path = AutoPilotSilderImages;
			sourceTree = "<group>";
		};
		A97F07B922952B4400EB9ED7 /* CollectionView */ = {
			isa = PBXGroup;
			children = (
				A97F07BC22952BBF00EB9ED7 /* CollectionViewCell.swift */,
			);
			path = CollectionView;
			sourceTree = "<group>";
		};
/* End PBXGroup section */

/* Begin PBXNativeTarget section */
		27A3961F19FC8D4B0030B940 /* Minitrees */ = {
			isa = PBXNativeTarget;
			buildConfigurationList = 27A3963F19FC8D4B0030B940 /* Build configuration list for PBXNativeTarget "Minitrees" */;
			buildPhases = (
				B82A3223531F89346F1C6E34 /* [CP] Check Pods Manifest.lock */,
				27A3961C19FC8D4B0030B940 /* Sources */,
				27A3961D19FC8D4B0030B940 /* Frameworks */,
				27A3961E19FC8D4B0030B940 /* Resources */,
				5A975C2F174838B540566301 /* [CP] Embed Pods Frameworks */,
			);
			buildRules = (
			);
			dependencies = (
			);
			name = Minitrees;
			productName = Minitrees;
			productReference = 27A3962019FC8D4B0030B940 /* Minitrees.app */;
			productType = "com.apple.product-type.application";
		};
/* End PBXNativeTarget section */

/* Begin PBXProject section */
		27A3961819FC8D4B0030B940 /* Project object */ = {
			isa = PBXProject;
			attributes = {
				LastSwiftUpdateCheck = 0710;
				LastUpgradeCheck = 0830;
				ORGANIZATIONNAME = "Kyle Fleming";
				TargetAttributes = {
					27A3961F19FC8D4B0030B940 = {
						CreatedOnToolsVersion = 6.1;
						DevelopmentTeam = 9B5WM3HL64;
						LastSwiftMigration = 0920;
					};
				};
			};
			buildConfigurationList = 27A3961B19FC8D4B0030B940 /* Build configuration list for PBXProject "Minitrees" */;
			compatibilityVersion = "Xcode 3.2";
			developmentRegion = English;
			hasScannedForEncodings = 0;
			knownRegions = (
				English,
				en,
				Base,
			);
			mainGroup = 27A3961719FC8D4B0030B940;
			productRefGroup = 27A3962119FC8D4B0030B940 /* Products */;
			projectDirPath = "";
			projectRoot = "";
			targets = (
				27A3961F19FC8D4B0030B940 /* Minitrees */,
			);
		};
/* End PBXProject section */

/* Begin PBXResourcesBuildPhase section */
		27A3961E19FC8D4B0030B940 /* Resources */ = {
			isa = PBXResourcesBuildPhase;
			buildActionMask = 2147483647;
			files = (
				A97F07B422951F6E00EB9ED7 /* image1.jpg in Resources */,
				518EF9B522D85CDF001C4452 /* Images-2.xcassets in Resources */,
				A97F07B522951F6E00EB9ED7 /* image5.jpg in Resources */,
				27A3962B19FC8D4B0030B940 /* Main.storyboard in Resources */,
				27A3963019FC8D4B0030B940 /* LaunchScreen.xib in Resources */,
				518EF9B322D85BB4001C4452 /* AppIcon.appiconset in Resources */,
				279872031AE0753900EF32D1 /* Podfile.lock in Resources */,
				A97F07B622951F6E00EB9ED7 /* image4.jpg in Resources */,
				A97F07B82295204800EB9ED7 /* image6.png in Resources */,
				27A3964619FC96BE0030B940 /* Podfile in Resources */,
				A97F07BF22953FC100EB9ED7 /* image7.png in Resources */,
				A97F07B322951F6E00EB9ED7 /* image2.jpg in Resources */,
				27A3962D19FC8D4B0030B940 /* Images.xcassets in Resources */,
			);
			runOnlyForDeploymentPostprocessing = 0;
		};
/* End PBXResourcesBuildPhase section */

/* Begin PBXShellScriptBuildPhase section */
		5A975C2F174838B540566301 /* [CP] Embed Pods Frameworks */ = {
			isa = PBXShellScriptBuildPhase;
			buildActionMask = 2147483647;
			files = (
			);
			inputPaths = (
				"${PODS_ROOT}/Target Support Files/Pods-Minitrees/Pods-Minitrees-frameworks.sh",
				"${BUILT_PRODUCTS_DIR}/CocoaAsyncSocket/CocoaAsyncSocket.framework",
				"${BUILT_PRODUCTS_DIR}/PKJSONSocket/PKJSONSocket.framework",
				"${BUILT_PRODUCTS_DIR}/ReactiveCocoa/ReactiveCocoa.framework",
				"${BUILT_PRODUCTS_DIR}/ReactiveSwift/ReactiveSwift.framework",
				"${BUILT_PRODUCTS_DIR}/Result/Result.framework",
			);
			name = "[CP] Embed Pods Frameworks";
			outputPaths = (
				"${TARGET_BUILD_DIR}/${FRAMEWORKS_FOLDER_PATH}/CocoaAsyncSocket.framework",
				"${TARGET_BUILD_DIR}/${FRAMEWORKS_FOLDER_PATH}/PKJSONSocket.framework",
				"${TARGET_BUILD_DIR}/${FRAMEWORKS_FOLDER_PATH}/ReactiveCocoa.framework",
				"${TARGET_BUILD_DIR}/${FRAMEWORKS_FOLDER_PATH}/ReactiveSwift.framework",
				"${TARGET_BUILD_DIR}/${FRAMEWORKS_FOLDER_PATH}/Result.framework",
			);
			runOnlyForDeploymentPostprocessing = 0;
			shellPath = /bin/sh;
			shellScript = "\"${PODS_ROOT}/Target Support Files/Pods-Minitrees/Pods-Minitrees-frameworks.sh\"\n";
			showEnvVarsInLog = 0;
		};
		B82A3223531F89346F1C6E34 /* [CP] Check Pods Manifest.lock */ = {
			isa = PBXShellScriptBuildPhase;
			buildActionMask = 2147483647;
			files = (
			);
			inputPaths = (
				"${PODS_PODFILE_DIR_PATH}/Podfile.lock",
				"${PODS_ROOT}/Manifest.lock",
			);
			name = "[CP] Check Pods Manifest.lock";
			outputPaths = (
				"$(DERIVED_FILE_DIR)/Pods-Minitrees-checkManifestLockResult.txt",
			);
			runOnlyForDeploymentPostprocessing = 0;
			shellPath = /bin/sh;
			shellScript = "diff \"${PODS_PODFILE_DIR_PATH}/Podfile.lock\" \"${PODS_ROOT}/Manifest.lock\" > /dev/null\nif [ $? != 0 ] ; then\n    # print error to STDERR\n    echo \"error: The sandbox is not in sync with the Podfile.lock. Run 'pod install' or update your CocoaPods installation.\" >&2\n    exit 1\nfi\n# This output is used by Xcode 'outputs' to avoid re-running this script phase.\necho \"SUCCESS\" > \"${SCRIPT_OUTPUT_FILE_0}\"\n";
			showEnvVarsInLog = 0;
		};
/* End PBXShellScriptBuildPhase section */

/* Begin PBXSourcesBuildPhase section */
		27A3961C19FC8D4B0030B940 /* Sources */ = {
			isa = PBXSourcesBuildPhase;
			buildActionMask = 2147483647;
			files = (
				271B8DDC19FF9B8F005C166C /* Pattern.swift in Sources */,
				278800081A09B30100B3BEB9 /* Channel.swift in Sources */,
				FF924DDE2276D6FD00F54879 /* main.swift in Sources */,
				2721BA2B1A01A6DC00B905B7 /* PatternCollectionViewCell.swift in Sources */,
				278800041A09AF1400B3BEB9 /* ChannelCollectionViewCell.swift in Sources */,
				FF924DDC2276C82300F54879 /* TimerApplication.swift in Sources */,
				273018EA1A0ACA330048FA42 /* EffectsTableViewController.swift in Sources */,
				27B556941A05D2FB00CEE159 /* MixerViewController.swift in Sources */,
				2721BA2C1A01A6DC00B905B7 /* PatternsCollectionViewController.swift in Sources */,
				273018EC1A0ACA3F0048FA42 /* EffectTableViewCell.swift in Sources */,
				A97F07BD22952BBF00EB9ED7 /* CollectionViewCell.swift in Sources */,
				2721BA2D1A01A6DC00B905B7 /* ViewController.swift in Sources */,
				27BB0A4B1A03A7C100D37664 /* DisplayState.swift in Sources */,
				271B8DDE1A005BED005C166C /* Effect.swift in Sources */,
				271B8DDB19FF9B8F005C166C /* Model.swift in Sources */,
				27BB0A4F1A03CBB300D37664 /* EffectCollectionViewCell.swift in Sources */,
				27A3962619FC8D4B0030B940 /* AppDelegate.swift in Sources */,
				278800021A09AF0800B3BEB9 /* ChannelsCollectionViewController.swift in Sources */,
				2721BA261A01A6D800B905B7 /* ServerController.swift in Sources */,
			);
			runOnlyForDeploymentPostprocessing = 0;
		};
/* End PBXSourcesBuildPhase section */

/* Begin PBXVariantGroup section */
		27A3962919FC8D4B0030B940 /* Main.storyboard */ = {
			isa = PBXVariantGroup;
			children = (
				27A3962A19FC8D4B0030B940 /* Base */,
			);
			name = Main.storyboard;
			sourceTree = "<group>";
		};
		27A3962E19FC8D4B0030B940 /* LaunchScreen.xib */ = {
			isa = PBXVariantGroup;
			children = (
				27A3962F19FC8D4B0030B940 /* Base */,
			);
			name = LaunchScreen.xib;
			sourceTree = "<group>";
		};
/* End PBXVariantGroup section */

/* Begin XCBuildConfiguration section */
		27A3963D19FC8D4B0030B940 /* Debug */ = {
			isa = XCBuildConfiguration;
			buildSettings = {
				ALWAYS_SEARCH_USER_PATHS = NO;
				CLANG_CXX_LANGUAGE_STANDARD = "gnu++0x";
				CLANG_CXX_LIBRARY = "libc++";
				CLANG_ENABLE_MODULES = YES;
				CLANG_ENABLE_OBJC_ARC = YES;
				CLANG_WARN_BOOL_CONVERSION = YES;
				CLANG_WARN_CONSTANT_CONVERSION = YES;
				CLANG_WARN_DIRECT_OBJC_ISA_USAGE = YES_ERROR;
				CLANG_WARN_EMPTY_BODY = YES;
				CLANG_WARN_ENUM_CONVERSION = YES;
				CLANG_WARN_INFINITE_RECURSION = YES;
				CLANG_WARN_INT_CONVERSION = YES;
				CLANG_WARN_OBJC_ROOT_CLASS = YES_ERROR;
				CLANG_WARN_SUSPICIOUS_MOVE = YES;
				CLANG_WARN_UNREACHABLE_CODE = YES;
				CLANG_WARN__DUPLICATE_METHOD_MATCH = YES;
				"CODE_SIGN_IDENTITY[sdk=iphoneos*]" = "iPhone Developer";
				COPY_PHASE_STRIP = NO;
				ENABLE_STRICT_OBJC_MSGSEND = YES;
				ENABLE_TESTABILITY = YES;
				GCC_C_LANGUAGE_STANDARD = gnu99;
				GCC_DYNAMIC_NO_PIC = NO;
				GCC_NO_COMMON_BLOCKS = YES;
				GCC_OPTIMIZATION_LEVEL = 0;
				GCC_PREPROCESSOR_DEFINITIONS = (
					"DEBUG=1",
					"$(inherited)",
				);
				GCC_SYMBOLS_PRIVATE_EXTERN = NO;
				GCC_WARN_64_TO_32_BIT_CONVERSION = YES;
				GCC_WARN_ABOUT_RETURN_TYPE = YES_ERROR;
				GCC_WARN_UNDECLARED_SELECTOR = YES;
				GCC_WARN_UNINITIALIZED_AUTOS = YES_AGGRESSIVE;
				GCC_WARN_UNUSED_FUNCTION = YES;
				GCC_WARN_UNUSED_VARIABLE = YES;
				IPHONEOS_DEPLOYMENT_TARGET = 8.0;
				MTL_ENABLE_DEBUG_INFO = YES;
				ONLY_ACTIVE_ARCH = YES;
				SDKROOT = iphoneos;
				SWIFT_OPTIMIZATION_LEVEL = "-Onone";
				TARGETED_DEVICE_FAMILY = "1,2";
			};
			name = Debug;
		};
		27A3963E19FC8D4B0030B940 /* Release */ = {
			isa = XCBuildConfiguration;
			buildSettings = {
				ALWAYS_SEARCH_USER_PATHS = NO;
				CLANG_CXX_LANGUAGE_STANDARD = "gnu++0x";
				CLANG_CXX_LIBRARY = "libc++";
				CLANG_ENABLE_MODULES = YES;
				CLANG_ENABLE_OBJC_ARC = YES;
				CLANG_WARN_BOOL_CONVERSION = YES;
				CLANG_WARN_CONSTANT_CONVERSION = YES;
				CLANG_WARN_DIRECT_OBJC_ISA_USAGE = YES_ERROR;
				CLANG_WARN_EMPTY_BODY = YES;
				CLANG_WARN_ENUM_CONVERSION = YES;
				CLANG_WARN_INFINITE_RECURSION = YES;
				CLANG_WARN_INT_CONVERSION = YES;
				CLANG_WARN_OBJC_ROOT_CLASS = YES_ERROR;
				CLANG_WARN_SUSPICIOUS_MOVE = YES;
				CLANG_WARN_UNREACHABLE_CODE = YES;
				CLANG_WARN__DUPLICATE_METHOD_MATCH = YES;
				"CODE_SIGN_IDENTITY[sdk=iphoneos*]" = "iPhone Developer";
				COPY_PHASE_STRIP = YES;
				ENABLE_NS_ASSERTIONS = NO;
				ENABLE_STRICT_OBJC_MSGSEND = YES;
				GCC_C_LANGUAGE_STANDARD = gnu99;
				GCC_NO_COMMON_BLOCKS = YES;
				GCC_WARN_64_TO_32_BIT_CONVERSION = YES;
				GCC_WARN_ABOUT_RETURN_TYPE = YES_ERROR;
				GCC_WARN_UNDECLARED_SELECTOR = YES;
				GCC_WARN_UNINITIALIZED_AUTOS = YES_AGGRESSIVE;
				GCC_WARN_UNUSED_FUNCTION = YES;
				GCC_WARN_UNUSED_VARIABLE = YES;
				IPHONEOS_DEPLOYMENT_TARGET = 8.0;
				MTL_ENABLE_DEBUG_INFO = NO;
				SDKROOT = iphoneos;
				SWIFT_OPTIMIZATION_LEVEL = "-Owholemodule";
				TARGETED_DEVICE_FAMILY = "1,2";
				VALIDATE_PRODUCT = YES;
			};
			name = Release;
		};
		27A3964019FC8D4B0030B940 /* Debug */ = {
			isa = XCBuildConfiguration;
			baseConfigurationReference = BA3AA172CBABA9850C7CF367 /* Pods-Minitrees.debug.xcconfig */;
			buildSettings = {
				ASSETCATALOG_COMPILER_APPICON_NAME = AppIcon;
				ASSETCATALOG_COMPILER_LAUNCHIMAGE_NAME = LaunchImage;
				CODE_SIGN_IDENTITY = "iPhone Developer";
				"CODE_SIGN_IDENTITY[sdk=iphoneos*]" = "iPhone Developer";
				DEVELOPMENT_TEAM = 9B5WM3HL64;
				INFOPLIST_FILE = Minitrees/Info.plist;
				LD_RUNPATH_SEARCH_PATHS = "$(inherited) @executable_path/Frameworks";
				PRODUCT_BUNDLE_IDENTIFIER = net.kylefleming.Minitrees;
				PRODUCT_NAME = "$(TARGET_NAME)";
				PROVISIONING_PROFILE = "";
				SWIFT_VERSION = 4.0;
			};
			name = Debug;
		};
		27A3964119FC8D4B0030B940 /* Release */ = {
			isa = XCBuildConfiguration;
			baseConfigurationReference = 2045C8322330A7466BE30499 /* Pods-Minitrees.release.xcconfig */;
			buildSettings = {
				ASSETCATALOG_COMPILER_APPICON_NAME = AppIcon;
				ASSETCATALOG_COMPILER_LAUNCHIMAGE_NAME = LaunchImage;
				CODE_SIGN_IDENTITY = "iPhone Developer";
				"CODE_SIGN_IDENTITY[sdk=iphoneos*]" = "iPhone Developer";
				DEVELOPMENT_TEAM = 9B5WM3HL64;
				INFOPLIST_FILE = Minitrees/Info.plist;
				LD_RUNPATH_SEARCH_PATHS = "$(inherited) @executable_path/Frameworks";
				PRODUCT_BUNDLE_IDENTIFIER = net.kylefleming.Minitrees;
				PRODUCT_NAME = "$(TARGET_NAME)";
				PROVISIONING_PROFILE = "";
				SWIFT_VERSION = 4.0;
			};
			name = Release;
		};
/* End XCBuildConfiguration section */

/* Begin XCConfigurationList section */
		27A3961B19FC8D4B0030B940 /* Build configuration list for PBXProject "Minitrees" */ = {
			isa = XCConfigurationList;
			buildConfigurations = (
				27A3963D19FC8D4B0030B940 /* Debug */,
				27A3963E19FC8D4B0030B940 /* Release */,
			);
			defaultConfigurationIsVisible = 0;
			defaultConfigurationName = Release;
		};
		27A3963F19FC8D4B0030B940 /* Build configuration list for PBXNativeTarget "Minitrees" */ = {
			isa = XCConfigurationList;
			buildConfigurations = (
				27A3964019FC8D4B0030B940 /* Debug */,
				27A3964119FC8D4B0030B940 /* Release */,
			);
			defaultConfigurationIsVisible = 0;
			defaultConfigurationName = Release;
		};
/* End XCConfigurationList section */
	};
	rootObject = 27A3961819FC8D4B0030B940 /* Project object */;
}
